
Microsoft Visual Studio Solution File, Format Version 12.00
# Visual Studio Version 16
VisualStudioVersion = 16.0.29920.165
MinimumVisualStudioVersion = 10.0.40219.1
Project("{FAE04EC0-301F-11D3-BF4B-00C04F79EFBC}") = "tut4", "tut4.csproj", "{2B846717-4D20-4C25-A06E-50BF6AC81667}"
EndProject
Global
	GlobalSection(SolutionConfigurationPlatforms) = preSolution
		Debug|Any CPU = Debug|Any CPU
		Release|Any CPU = Release|Any CPU
	EndGlobalSection
	GlobalSection(ProjectConfigurationPlatforms) = postSolution
		{2B846717-4D20-4C25-A06E-50BF6AC81667}.Debug|Any CPU.ActiveCfg = Debug|Any CPU
		{2B846717-4D20-4C25-A06E-50BF6AC81667}.Debug|Any CPU.Build.0 = Debug|Any CPU
		{2B846717-4D20-4C25-A06E-50BF6AC81667}.Release|Any CPU.ActiveCfg = Release|Any CPU
		{2B846717-4D20-4C25-A06E-50BF6AC81667}.Release|Any CPU.Build.0 = Release|Any CPU
	EndGlobalSection
	GlobalSection(SolutionProperties) = preSolution
		HideSolutionNode = FALSE
	EndGlobalSection
	GlobalSection(ExtensibilityGlobals) = postSolution
		SolutionGuid = {56CFFDBC-DB79-46DC-924C-BB58F77B8E8D}
	EndGlobalSection
EndGlobal
